
Microsoft Visual Studio Solution File, Format Version 12.00
# Visual Studio Version 17
VisualStudioVersion = 17.11.35327.3
MinimumVisualStudioVersion = 10.0.40219.1
Project("{FAE04EC0-301F-11D3-BF4B-00C04F79EFBC}") = "Paint Program", "Paint Program\Paint Program.csproj", "{65185654-4243-4896-84BF-EA9653396233}"
EndProject
Global
	GlobalSection(SolutionConfigurationPlatforms) = preSolution
		Debug|Any CPU = Debug|Any CPU
		Release|Any CPU = Release|Any CPU
	EndGlobalSection
	GlobalSection(ProjectConfigurationPlatforms) = postSolution
		{65185654-4243-4896-84BF-EA9653396233}.Debug|Any CPU.ActiveCfg = Debug|Any CPU
		{65185654-4243-4896-84BF-EA9653396233}.Debug|Any CPU.Build.0 = Debug|Any CPU
		{65185654-4243-4896-84BF-EA9653396233}.Release|Any CPU.ActiveCfg = Release|Any CPU
		{65185654-4243-4896-84BF-EA9653396233}.Release|Any CPU.Build.0 = Release|Any CPU
	EndGlobalSection
	GlobalSection(SolutionProperties) = preSolution
		HideSolutionNode = FALSE
	EndGlobalSection
	GlobalSection(ExtensibilityGlobals) = postSolution
		SolutionGuid = {E70046D3-B815-4BD2-AED1-574704387C11}
	EndGlobalSection
EndGlobal
